
Microsoft Visual Studio Solution File, Format Version 12.00
# Visual Studio Version 17
VisualStudioVersion = 17.13.36105.23
MinimumVisualStudioVersion = 10.0.40219.1
Project("{2150E333-8FDC-42A3-9474-1A3956D46DE8}") = "src", "src", "{02EA681E-C7D8-13C7-8484-4AC65E1B71E8}"
EndProject
Project("{2150E333-8FDC-42A3-9474-1A3956D46DE8}") = "ProductService", "ProductService", "{ABA75523-DBDC-4216-B30B-0FE750FEE636}"
EndProject
Project("{FAE04EC0-301F-11D3-BF4B-00C04F79EFBC}") = "ProductService.API", "src\ProductService\ProductService.API\ProductService.API.csproj", "{A32F825E-1D0D-9E64-9FA3-3F81C88CEFFF}"
EndProject
Project("{FAE04EC0-301F-11D3-BF4B-00C04F79EFBC}") = "ProductService.Application", "src\ProductService\ProductService.Application\ProductService.Application.csproj", "{B49F925B-EF53-7BE6-ECC0-43F6592CE422}"
EndProject
Project("{FAE04EC0-301F-11D3-BF4B-00C04F79EFBC}") = "ProductService.Domain", "src\ProductService\ProductService.Domain\ProductService.Domain.csproj", "{EE17039F-61F8-F32D-177B-3D5815BC0743}"
EndProject
Project("{FAE04EC0-301F-11D3-BF4B-00C04F79EFBC}") = "ProductService.Infrastructure", "src\ProductService\ProductService.Infrastructure\ProductService.Infrastructure.csproj", "{784FFABB-8A19-C5FA-94EB-B5DA8FEF770E}"
EndProject
Project("{FAE04EC0-301F-11D3-BF4B-00C04F79EFBC}") = "ProductService.Tests", "tests\ProductService.Tests\ProductService.Tests.csproj", "{35BCEAFB-01FC-419C-B606-B53FAC072C2A}"
EndProject
Project("{2150E333-8FDC-42A3-9474-1A3956D46DE8}") = "tests", "tests", "{8E645589-3332-4FA8-9853-BA16FDB90DE9}"
EndProject
Project("{2150E333-8FDC-42A3-9474-1A3956D46DE8}") = "Solution Items", "Solution Items", "{8EC462FD-D22E-90A8-E5CE-7E832BA40C5D}"
	ProjectSection(SolutionItems) = preProject
		.env = .env
		docker-compose.production.yml = docker-compose.production.yml
		docker-compose.yml = docker-compose.yml
		docker-compose.withoutsql.yml = docker-compose.withoutsql.yml
		Notes.txt = Notes.txt
	EndProjectSection
EndProject
Project("{2150E333-8FDC-42A3-9474-1A3956D46DE8}") = "ApiGateway", "ApiGateway", "{227277DC-9F18-4E77-A674-52A801B9D64E}"
EndProject
Project("{FAE04EC0-301F-11D3-BF4B-00C04F79EFBC}") = "ApiGateway", "ApiGateway\ApiGateway.csproj", "{579ED546-E0DD-4372-82F1-05BB5440312F}"
EndProject
Project("{2150E333-8FDC-42A3-9474-1A3956D46DE8}") = "AuthService", "AuthService", "{1DFA6D22-0FE3-4D75-9E5F-3DADEFE75A36}"
EndProject
Project("{FAE04EC0-301F-11D3-BF4B-00C04F79EFBC}") = "AuthService.API", "AuthService.API\AuthService.API.csproj", "{BD71D7AF-7929-4247-BC58-3B66B6830CA9}"
EndProject
Project("{2150E333-8FDC-42A3-9474-1A3956D46DE8}") = "CustomerService", "CustomerService", "{44D9E9F7-FE9E-4B3B-95F3-1AFF2CC61951}"
EndProject
Project("{FAE04EC0-301F-11D3-BF4B-00C04F79EFBC}") = "CustomerService.API", "src\CustomerService\CustomerService.API\CustomerService.API.csproj", "{418A4A63-F2D9-46FE-B3B5-33D9A4ADF7AD}"
EndProject
Project("{FAE04EC0-301F-11D3-BF4B-00C04F79EFBC}") = "CustomerService.Application", "src\CustomerService\CustomerService.Application\CustomerService.Application.csproj", "{0137DA45-AE31-42FB-B9BC-770F3B8FEDF6}"
EndProject
Project("{FAE04EC0-301F-11D3-BF4B-00C04F79EFBC}") = "CustomerService.Domain", "src\CustomerService\CustomerService.Domain\CustomerService.Domain.csproj", "{06C50B08-BFA0-4609-A843-C3B3657CB3AB}"
EndProject
Project("{FAE04EC0-301F-11D3-BF4B-00C04F79EFBC}") = "CustomerService.Infrastructure", "src\CustomerService\CustomerService.Infrastructure\CustomerService.Infrastructure.csproj", "{7215C83E-087F-41ED-8FE0-53461E45461D}"
EndProject
Global
	GlobalSection(SolutionConfigurationPlatforms) = preSolution
		Debug|Any CPU = Debug|Any CPU
		Release|Any CPU = Release|Any CPU
	EndGlobalSection
	GlobalSection(ProjectConfigurationPlatforms) = postSolution
		{A32F825E-1D0D-9E64-9FA3-3F81C88CEFFF}.Debug|Any CPU.ActiveCfg = Debug|Any CPU
		{A32F825E-1D0D-9E64-9FA3-3F81C88CEFFF}.Debug|Any CPU.Build.0 = Debug|Any CPU
		{A32F825E-1D0D-9E64-9FA3-3F81C88CEFFF}.Release|Any CPU.ActiveCfg = Release|Any CPU
		{A32F825E-1D0D-9E64-9FA3-3F81C88CEFFF}.Release|Any CPU.Build.0 = Release|Any CPU
		{B49F925B-EF53-7BE6-ECC0-43F6592CE422}.Debug|Any CPU.ActiveCfg = Debug|Any CPU
		{B49F925B-EF53-7BE6-ECC0-43F6592CE422}.Debug|Any CPU.Build.0 = Debug|Any CPU
		{B49F925B-EF53-7BE6-ECC0-43F6592CE422}.Release|Any CPU.ActiveCfg = Release|Any CPU
		{B49F925B-EF53-7BE6-ECC0-43F6592CE422}.Release|Any CPU.Build.0 = Release|Any CPU
		{EE17039F-61F8-F32D-177B-3D5815BC0743}.Debug|Any CPU.ActiveCfg = Debug|Any CPU
		{EE17039F-61F8-F32D-177B-3D5815BC0743}.Debug|Any CPU.Build.0 = Debug|Any CPU
		{EE17039F-61F8-F32D-177B-3D5815BC0743}.Release|Any CPU.ActiveCfg = Release|Any CPU
		{EE17039F-61F8-F32D-177B-3D5815BC0743}.Release|Any CPU.Build.0 = Release|Any CPU
		{784FFABB-8A19-C5FA-94EB-B5DA8FEF770E}.Debug|Any CPU.ActiveCfg = Debug|Any CPU
		{784FFABB-8A19-C5FA-94EB-B5DA8FEF770E}.Debug|Any CPU.Build.0 = Debug|Any CPU
		{784FFABB-8A19-C5FA-94EB-B5DA8FEF770E}.Release|Any CPU.ActiveCfg = Release|Any CPU
		{784FFABB-8A19-C5FA-94EB-B5DA8FEF770E}.Release|Any CPU.Build.0 = Release|Any CPU
		{35BCEAFB-01FC-419C-B606-B53FAC072C2A}.Debug|Any CPU.ActiveCfg = Debug|Any CPU
		{35BCEAFB-01FC-419C-B606-B53FAC072C2A}.Debug|Any CPU.Build.0 = Debug|Any CPU
		{35BCEAFB-01FC-419C-B606-B53FAC072C2A}.Release|Any CPU.ActiveCfg = Release|Any CPU
		{35BCEAFB-01FC-419C-B606-B53FAC072C2A}.Release|Any CPU.Build.0 = Release|Any CPU
		{579ED546-E0DD-4372-82F1-05BB5440312F}.Debug|Any CPU.ActiveCfg = Debug|Any CPU
		{579ED546-E0DD-4372-82F1-05BB5440312F}.Debug|Any CPU.Build.0 = Debug|Any CPU
		{579ED546-E0DD-4372-82F1-05BB5440312F}.Release|Any CPU.ActiveCfg = Release|Any CPU
		{579ED546-E0DD-4372-82F1-05BB5440312F}.Release|Any CPU.Build.0 = Release|Any CPU
		{BD71D7AF-7929-4247-BC58-3B66B6830CA9}.Debug|Any CPU.ActiveCfg = Debug|Any CPU
		{BD71D7AF-7929-4247-BC58-3B66B6830CA9}.Debug|Any CPU.Build.0 = Debug|Any CPU
		{BD71D7AF-7929-4247-BC58-3B66B6830CA9}.Release|Any CPU.ActiveCfg = Release|Any CPU
		{BD71D7AF-7929-4247-BC58-3B66B6830CA9}.Release|Any CPU.Build.0 = Release|Any CPU
		{418A4A63-F2D9-46FE-B3B5-33D9A4ADF7AD}.Debug|Any CPU.ActiveCfg = Debug|Any CPU
		{418A4A63-F2D9-46FE-B3B5-33D9A4ADF7AD}.Debug|Any CPU.Build.0 = Debug|Any CPU
		{418A4A63-F2D9-46FE-B3B5-33D9A4ADF7AD}.Release|Any CPU.ActiveCfg = Release|Any CPU
		{418A4A63-F2D9-46FE-B3B5-33D9A4ADF7AD}.Release|Any CPU.Build.0 = Release|Any CPU
		{0137DA45-AE31-42FB-B9BC-770F3B8FEDF6}.Debug|Any CPU.ActiveCfg = Debug|Any CPU
		{0137DA45-AE31-42FB-B9BC-770F3B8FEDF6}.Debug|Any CPU.Build.0 = Debug|Any CPU
		{0137DA45-AE31-42FB-B9BC-770F3B8FEDF6}.Release|Any CPU.ActiveCfg = Release|Any CPU
		{0137DA45-AE31-42FB-B9BC-770F3B8FEDF6}.Release|Any CPU.Build.0 = Release|Any CPU
		{06C50B08-BFA0-4609-A843-C3B3657CB3AB}.Debug|Any CPU.ActiveCfg = Debug|Any CPU
		{06C50B08-BFA0-4609-A843-C3B3657CB3AB}.Debug|Any CPU.Build.0 = Debug|Any CPU
		{06C50B08-BFA0-4609-A843-C3B3657CB3AB}.Release|Any CPU.ActiveCfg = Release|Any CPU
		{06C50B08-BFA0-4609-A843-C3B3657CB3AB}.Release|Any CPU.Build.0 = Release|Any CPU
		{7215C83E-087F-41ED-8FE0-53461E45461D}.Debug|Any CPU.ActiveCfg = Debug|Any CPU
		{7215C83E-087F-41ED-8FE0-53461E45461D}.Debug|Any CPU.Build.0 = Debug|Any CPU
		{7215C83E-087F-41ED-8FE0-53461E45461D}.Release|Any CPU.ActiveCfg = Release|Any CPU
		{7215C83E-087F-41ED-8FE0-53461E45461D}.Release|Any CPU.Build.0 = Release|Any CPU
	EndGlobalSection
	GlobalSection(SolutionProperties) = preSolution
		HideSolutionNode = FALSE
	EndGlobalSection
	GlobalSection(NestedProjects) = preSolution
		{ABA75523-DBDC-4216-B30B-0FE750FEE636} = {02EA681E-C7D8-13C7-8484-4AC65E1B71E8}
		{A32F825E-1D0D-9E64-9FA3-3F81C88CEFFF} = {ABA75523-DBDC-4216-B30B-0FE750FEE636}
		{B49F925B-EF53-7BE6-ECC0-43F6592CE422} = {ABA75523-DBDC-4216-B30B-0FE750FEE636}
		{EE17039F-61F8-F32D-177B-3D5815BC0743} = {ABA75523-DBDC-4216-B30B-0FE750FEE636}
		{784FFABB-8A19-C5FA-94EB-B5DA8FEF770E} = {ABA75523-DBDC-4216-B30B-0FE750FEE636}
		{35BCEAFB-01FC-419C-B606-B53FAC072C2A} = {8E645589-3332-4FA8-9853-BA16FDB90DE9}
		{579ED546-E0DD-4372-82F1-05BB5440312F} = {227277DC-9F18-4E77-A674-52A801B9D64E}
		{1DFA6D22-0FE3-4D75-9E5F-3DADEFE75A36} = {02EA681E-C7D8-13C7-8484-4AC65E1B71E8}
		{BD71D7AF-7929-4247-BC58-3B66B6830CA9} = {1DFA6D22-0FE3-4D75-9E5F-3DADEFE75A36}
		{44D9E9F7-FE9E-4B3B-95F3-1AFF2CC61951} = {02EA681E-C7D8-13C7-8484-4AC65E1B71E8}
		{418A4A63-F2D9-46FE-B3B5-33D9A4ADF7AD} = {44D9E9F7-FE9E-4B3B-95F3-1AFF2CC61951}
		{0137DA45-AE31-42FB-B9BC-770F3B8FEDF6} = {44D9E9F7-FE9E-4B3B-95F3-1AFF2CC61951}
		{06C50B08-BFA0-4609-A843-C3B3657CB3AB} = {44D9E9F7-FE9E-4B3B-95F3-1AFF2CC61951}
		{7215C83E-087F-41ED-8FE0-53461E45461D} = {44D9E9F7-FE9E-4B3B-95F3-1AFF2CC61951}
	EndGlobalSection
	GlobalSection(ExtensibilityGlobals) = postSolution
		SolutionGuid = {321E7989-649C-4D72-B7DA-D5E02C4B99F2}
	EndGlobalSection
EndGlobal
